
Microsoft Visual Studio Solution File, Format Version 12.00
# Visual Studio 14
VisualStudioVersion = 14.0.25420.1
MinimumVisualStudioVersion = 10.0.40219.1
Project("{FAE04EC0-301F-11D3-BF4B-00C04F79EFBC}") = "Template", "Lesson18\Template.csproj", "{9D2AF4E3-DAFA-4B46-A941-253585735073}"
	ProjectSection(ProjectDependencies) = postProject
		{5B79E563-3EB7-4F9A-801E-DE94D591D8FD} = {5B79E563-3EB7-4F9A-801E-DE94D591D8FD}
		{F6C644A7-2ACB-4D8A-86D4-AE934D180A4C} = {F6C644A7-2ACB-4D8A-86D4-AE934D180A4C}
	EndProjectSection
EndProject
Project("{FAE04EC0-301F-11D3-BF4B-00C04F79EFBC}") = "DataSources", "DataSources\DataSources.csproj", "{5B79E563-3EB7-4F9A-801E-DE94D591D8FD}"
	ProjectSection(ProjectDependencies) = postProject
		{8FC662B7-0D05-4353-B81E-AFC775414C20} = {8FC662B7-0D05-4353-B81E-AFC775414C20}
	EndProjectSection
EndProject
Project("{FAE04EC0-301F-11D3-BF4B-00C04F79EFBC}") = "Serializer", "Serializer\Serializer.csproj", "{8FC662B7-0D05-4353-B81E-AFC775414C20}"
EndProject
Project("{FAE04EC0-301F-11D3-BF4B-00C04F79EFBC}") = "Linq_Example_2", "Linq_Example_2\Linq_Example_2.csproj", "{D52F421C-F8FA-47A1-8415-B0FDED90A93A}"
EndProject
Project("{FAE04EC0-301F-11D3-BF4B-00C04F79EFBC}") = "Linq_Example_1", "Linq_Example_1\Linq_Example_1.csproj", "{D18724F8-29C6-4C42-A63C-1C4F704C3AF0}"
	ProjectSection(ProjectDependencies) = postProject
		{F6C644A7-2ACB-4D8A-86D4-AE934D180A4C} = {F6C644A7-2ACB-4D8A-86D4-AE934D180A4C}
	EndProjectSection
EndProject
Project("{FAE04EC0-301F-11D3-BF4B-00C04F79EFBC}") = "Linq_Example_3", "Linq_Example_3\Linq_Example_3.csproj", "{BF646746-77CC-4217-B36A-0E5EB6C111FD}"
EndProject
Project("{FAE04EC0-301F-11D3-BF4B-00C04F79EFBC}") = "CustomExtensions", "CustomExtensions\CustomExtensions.csproj", "{F6C644A7-2ACB-4D8A-86D4-AE934D180A4C}"
EndProject
Project("{FAE04EC0-301F-11D3-BF4B-00C04F79EFBC}") = "Linq_Example_4", "Linq_Example_4\Linq_Example_4.csproj", "{7C368016-1699-4266-BB05-7A513DB7AB5E}"
EndProject
Project("{FAE04EC0-301F-11D3-BF4B-00C04F79EFBC}") = "Linq_Example_5", "Linq_Example_5\Linq_Example_5.csproj", "{2D80F4FA-107D-488F-A7B3-3BB4AC8E3C6A}"
EndProject
Project("{FAE04EC0-301F-11D3-BF4B-00C04F79EFBC}") = "Learning_Linq_6", "Learning_Linq_6\Learning_Linq_6.csproj", "{A5EECC41-87B5-4649-B6C4-5EEC5FB1F31F}"
EndProject
Project("{FAE04EC0-301F-11D3-BF4B-00C04F79EFBC}") = "Linq_Example_7_8_9", "Linq_Example_7_8_9\Linq_Example_7_8_9.csproj", "{ED2EE0D5-8B84-433D-9ADA-E34EC373147D}"
EndProject
Project("{FAE04EC0-301F-11D3-BF4B-00C04F79EFBC}") = "Learning_Linq_10", "Learning_Linq_10\Learning_Linq_10.csproj", "{1E5EC971-8B85-478D-99F2-5DE594E7D662}"
EndProject
Project("{FAE04EC0-301F-11D3-BF4B-00C04F79EFBC}") = "Learning_Linq_11", "Learning_Linq_11\Learning_Linq_11.csproj", "{FDFA881E-5A6C-48A7-99BF-ED6BD457CF50}"
EndProject
Project("{FAE04EC0-301F-11D3-BF4B-00C04F79EFBC}") = "Learning_Linq_12", "Learning_Linq_12\Learning_Linq_12.csproj", "{47B46C38-5442-47F3-B733-4FC846014717}"
EndProject
Project("{FAE04EC0-301F-11D3-BF4B-00C04F79EFBC}") = "Learning_Linq_13", "Learning_Linq_13\Learning_Linq_13.csproj", "{73C41842-9B5C-4742-81EA-D47647DFE42D}"
EndProject
Project("{FAE04EC0-301F-11D3-BF4B-00C04F79EFBC}") = "Learning_Linq_15", "Learning_Linq_15\Learning_Linq_15.csproj", "{833C6658-F4DB-4335-94D0-3E88DCD1BD75}"
EndProject
Global
	GlobalSection(SolutionConfigurationPlatforms) = preSolution
		Debug|Any CPU = Debug|Any CPU
		Release|Any CPU = Release|Any CPU
	EndGlobalSection
	GlobalSection(ProjectConfigurationPlatforms) = postSolution
		{9D2AF4E3-DAFA-4B46-A941-253585735073}.Debug|Any CPU.ActiveCfg = Debug|Any CPU
		{9D2AF4E3-DAFA-4B46-A941-253585735073}.Debug|Any CPU.Build.0 = Debug|Any CPU
		{9D2AF4E3-DAFA-4B46-A941-253585735073}.Release|Any CPU.ActiveCfg = Release|Any CPU
		{9D2AF4E3-DAFA-4B46-A941-253585735073}.Release|Any CPU.Build.0 = Release|Any CPU
		{5B79E563-3EB7-4F9A-801E-DE94D591D8FD}.Debug|Any CPU.ActiveCfg = Debug|Any CPU
		{5B79E563-3EB7-4F9A-801E-DE94D591D8FD}.Debug|Any CPU.Build.0 = Debug|Any CPU
		{5B79E563-3EB7-4F9A-801E-DE94D591D8FD}.Release|Any CPU.ActiveCfg = Release|Any CPU
		{5B79E563-3EB7-4F9A-801E-DE94D591D8FD}.Release|Any CPU.Build.0 = Release|Any CPU
		{8FC662B7-0D05-4353-B81E-AFC775414C20}.Debug|Any CPU.ActiveCfg = Debug|Any CPU
		{8FC662B7-0D05-4353-B81E-AFC775414C20}.Debug|Any CPU.Build.0 = Debug|Any CPU
		{8FC662B7-0D05-4353-B81E-AFC775414C20}.Release|Any CPU.ActiveCfg = Release|Any CPU
		{8FC662B7-0D05-4353-B81E-AFC775414C20}.Release|Any CPU.Build.0 = Release|Any CPU
		{D52F421C-F8FA-47A1-8415-B0FDED90A93A}.Debug|Any CPU.ActiveCfg = Debug|Any CPU
		{D52F421C-F8FA-47A1-8415-B0FDED90A93A}.Debug|Any CPU.Build.0 = Debug|Any CPU
		{D52F421C-F8FA-47A1-8415-B0FDED90A93A}.Release|Any CPU.ActiveCfg = Release|Any CPU
		{D52F421C-F8FA-47A1-8415-B0FDED90A93A}.Release|Any CPU.Build.0 = Release|Any CPU
		{D18724F8-29C6-4C42-A63C-1C4F704C3AF0}.Debug|Any CPU.ActiveCfg = Debug|Any CPU
		{D18724F8-29C6-4C42-A63C-1C4F704C3AF0}.Debug|Any CPU.Build.0 = Debug|Any CPU
		{D18724F8-29C6-4C42-A63C-1C4F704C3AF0}.Release|Any CPU.ActiveCfg = Release|Any CPU
		{D18724F8-29C6-4C42-A63C-1C4F704C3AF0}.Release|Any CPU.Build.0 = Release|Any CPU
		{BF646746-77CC-4217-B36A-0E5EB6C111FD}.Debug|Any CPU.ActiveCfg = Debug|Any CPU
		{BF646746-77CC-4217-B36A-0E5EB6C111FD}.Debug|Any CPU.Build.0 = Debug|Any CPU
		{BF646746-77CC-4217-B36A-0E5EB6C111FD}.Release|Any CPU.ActiveCfg = Release|Any CPU
		{BF646746-77CC-4217-B36A-0E5EB6C111FD}.Release|Any CPU.Build.0 = Release|Any CPU
		{F6C644A7-2ACB-4D8A-86D4-AE934D180A4C}.Debug|Any CPU.ActiveCfg = Debug|Any CPU
		{F6C644A7-2ACB-4D8A-86D4-AE934D180A4C}.Debug|Any CPU.Build.0 = Debug|Any CPU
		{F6C644A7-2ACB-4D8A-86D4-AE934D180A4C}.Release|Any CPU.ActiveCfg = Release|Any CPU
		{F6C644A7-2ACB-4D8A-86D4-AE934D180A4C}.Release|Any CPU.Build.0 = Release|Any CPU
		{7C368016-1699-4266-BB05-7A513DB7AB5E}.Debug|Any CPU.ActiveCfg = Debug|Any CPU
		{7C368016-1699-4266-BB05-7A513DB7AB5E}.Debug|Any CPU.Build.0 = Debug|Any CPU
		{7C368016-1699-4266-BB05-7A513DB7AB5E}.Release|Any CPU.ActiveCfg = Release|Any CPU
		{7C368016-1699-4266-BB05-7A513DB7AB5E}.Release|Any CPU.Build.0 = Release|Any CPU
		{2D80F4FA-107D-488F-A7B3-3BB4AC8E3C6A}.Debug|Any CPU.ActiveCfg = Debug|Any CPU
		{2D80F4FA-107D-488F-A7B3-3BB4AC8E3C6A}.Debug|Any CPU.Build.0 = Debug|Any CPU
		{2D80F4FA-107D-488F-A7B3-3BB4AC8E3C6A}.Release|Any CPU.ActiveCfg = Release|Any CPU
		{2D80F4FA-107D-488F-A7B3-3BB4AC8E3C6A}.Release|Any CPU.Build.0 = Release|Any CPU
		{A5EECC41-87B5-4649-B6C4-5EEC5FB1F31F}.Debug|Any CPU.ActiveCfg = Debug|Any CPU
		{A5EECC41-87B5-4649-B6C4-5EEC5FB1F31F}.Debug|Any CPU.Build.0 = Debug|Any CPU
		{A5EECC41-87B5-4649-B6C4-5EEC5FB1F31F}.Release|Any CPU.ActiveCfg = Release|Any CPU
		{A5EECC41-87B5-4649-B6C4-5EEC5FB1F31F}.Release|Any CPU.Build.0 = Release|Any CPU
		{ED2EE0D5-8B84-433D-9ADA-E34EC373147D}.Debug|Any CPU.ActiveCfg = Debug|Any CPU
		{ED2EE0D5-8B84-433D-9ADA-E34EC373147D}.Debug|Any CPU.Build.0 = Debug|Any CPU
		{ED2EE0D5-8B84-433D-9ADA-E34EC373147D}.Release|Any CPU.ActiveCfg = Release|Any CPU
		{ED2EE0D5-8B84-433D-9ADA-E34EC373147D}.Release|Any CPU.Build.0 = Release|Any CPU
		{1E5EC971-8B85-478D-99F2-5DE594E7D662}.Debug|Any CPU.ActiveCfg = Debug|Any CPU
		{1E5EC971-8B85-478D-99F2-5DE594E7D662}.Debug|Any CPU.Build.0 = Debug|Any CPU
		{1E5EC971-8B85-478D-99F2-5DE594E7D662}.Release|Any CPU.ActiveCfg = Release|Any CPU
		{1E5EC971-8B85-478D-99F2-5DE594E7D662}.Release|Any CPU.Build.0 = Release|Any CPU
		{FDFA881E-5A6C-48A7-99BF-ED6BD457CF50}.Debug|Any CPU.ActiveCfg = Debug|Any CPU
		{FDFA881E-5A6C-48A7-99BF-ED6BD457CF50}.Debug|Any CPU.Build.0 = Debug|Any CPU
		{FDFA881E-5A6C-48A7-99BF-ED6BD457CF50}.Release|Any CPU.ActiveCfg = Release|Any CPU
		{FDFA881E-5A6C-48A7-99BF-ED6BD457CF50}.Release|Any CPU.Build.0 = Release|Any CPU
		{47B46C38-5442-47F3-B733-4FC846014717}.Debug|Any CPU.ActiveCfg = Debug|Any CPU
		{47B46C38-5442-47F3-B733-4FC846014717}.Debug|Any CPU.Build.0 = Debug|Any CPU
		{47B46C38-5442-47F3-B733-4FC846014717}.Release|Any CPU.ActiveCfg = Release|Any CPU
		{47B46C38-5442-47F3-B733-4FC846014717}.Release|Any CPU.Build.0 = Release|Any CPU
		{73C41842-9B5C-4742-81EA-D47647DFE42D}.Debug|Any CPU.ActiveCfg = Debug|Any CPU
		{73C41842-9B5C-4742-81EA-D47647DFE42D}.Debug|Any CPU.Build.0 = Debug|Any CPU
		{73C41842-9B5C-4742-81EA-D47647DFE42D}.Release|Any CPU.ActiveCfg = Release|Any CPU
		{73C41842-9B5C-4742-81EA-D47647DFE42D}.Release|Any CPU.Build.0 = Release|Any CPU
		{833C6658-F4DB-4335-94D0-3E88DCD1BD75}.Debug|Any CPU.ActiveCfg = Debug|Any CPU
		{833C6658-F4DB-4335-94D0-3E88DCD1BD75}.Debug|Any CPU.Build.0 = Debug|Any CPU
		{833C6658-F4DB-4335-94D0-3E88DCD1BD75}.Release|Any CPU.ActiveCfg = Release|Any CPU
		{833C6658-F4DB-4335-94D0-3E88DCD1BD75}.Release|Any CPU.Build.0 = Release|Any CPU
	EndGlobalSection
	GlobalSection(SolutionProperties) = preSolution
		HideSolutionNode = FALSE
	EndGlobalSection
EndGlobal
