
Microsoft Visual Studio Solution File, Format Version 12.00
# Visual Studio 14
VisualStudioVersion = 14.0.25420.1
MinimumVisualStudioVersion = 10.0.40219.1
Project("{FAE04EC0-301F-11D3-BF4B-00C04F79EFBC}") = "Template", "Lesson18\Template.csproj", "{9D2AF4E3-DAFA-4B46-A941-253585735073}"
	ProjectSection(ProjectDependencies) = postProject
		{5B79E563-3EB7-4F9A-801E-DE94D591D8FD} = {5B79E563-3EB7-4F9A-801E-DE94D591D8FD}
		{F6C644A7-2ACB-4D8A-86D4-AE934D180A4C} = {F6C644A7-2ACB-4D8A-86D4-AE934D180A4C}
	EndProjectSection
EndProject
Project("{FAE04EC0-301F-11D3-BF4B-00C04F79EFBC}") = "DataSources", "DataSources\DataSources.csproj", "{5B79E563-3EB7-4F9A-801E-DE94D591D8FD}"
	ProjectSection(ProjectDependencies) = postProject
		{8FC662B7-0D05-4353-B81E-AFC775414C20} = {8FC662B7-0D05-4353-B81E-AFC775414C20}
	EndProjectSection
EndProject
Project("{FAE04EC0-301F-11D3-BF4B-00C04F79EFBC}") = "Serializer", "Serializer\Serializer.csproj", "{8FC662B7-0D05-4353-B81E-AFC775414C20}"
EndProject
Project("{FAE04EC0-301F-11D3-BF4B-00C04F79EFBC}") = "Linq_Example_2", "Linq_Example_2\Linq_Example_2.csproj", "{D52F421C-F8FA-47A1-8415-B0FDED90A93A}"
EndProject
Project("{FAE04EC0-301F-11D3-BF4B-00C04F79EFBC}") = "Linq_Example_1", "Linq_Example_1\Linq_Example_1.csproj", "{D18724F8-29C6-4C42-A63C-1C4F704C3AF0}"
	ProjectSection(ProjectDependencies) = postProject
		{F6C644A7-2ACB-4D8A-86D4-AE934D180A4C} = {F6C644A7-2ACB-4D8A-86D4-AE934D180A4C}
	EndProjectSection
EndProject
Project("{FAE04EC0-301F-11D3-BF4B-00C04F79EFBC}") = "Linq_Example_3", "Linq_Example_3\Linq_Example_3.csproj", "{BF646746-77CC-4217-B36A-0E5EB6C111FD}"
EndProject
Project("{FAE04EC0-301F-11D3-BF4B-00C04F79EFBC}") = "CustomExtensions", "CustomExtensions\CustomExtensions.csproj", "{F6C644A7-2ACB-4D8A-86D4-AE934D180A4C}"
EndProject
Project("{FAE04EC0-301F-11D3-BF4B-00C04F79EFBC}") = "Linq_Example_4", "Linq_Example_4\Linq_Example_4.csproj", "{7C368016-1699-4266-BB05-7A513DB7AB5E}"
EndProject
Global
	GlobalSection(SolutionConfigurationPlatforms) = preSolution
		Debug|Any CPU = Debug|Any CPU
		Release|Any CPU = Release|Any CPU
	EndGlobalSection
	GlobalSection(ProjectConfigurationPlatforms) = postSolution
		{9D2AF4E3-DAFA-4B46-A941-253585735073}.Debug|Any CPU.ActiveCfg = Debug|Any CPU
		{9D2AF4E3-DAFA-4B46-A941-253585735073}.Debug|Any CPU.Build.0 = Debug|Any CPU
		{9D2AF4E3-DAFA-4B46-A941-253585735073}.Release|Any CPU.ActiveCfg = Release|Any CPU
		{9D2AF4E3-DAFA-4B46-A941-253585735073}.Release|Any CPU.Build.0 = Release|Any CPU
		{5B79E563-3EB7-4F9A-801E-DE94D591D8FD}.Debug|Any CPU.ActiveCfg = Debug|Any CPU
		{5B79E563-3EB7-4F9A-801E-DE94D591D8FD}.Debug|Any CPU.Build.0 = Debug|Any CPU
		{5B79E563-3EB7-4F9A-801E-DE94D591D8FD}.Release|Any CPU.ActiveCfg = Release|Any CPU
		{5B79E563-3EB7-4F9A-801E-DE94D591D8FD}.Release|Any CPU.Build.0 = Release|Any CPU
		{8FC662B7-0D05-4353-B81E-AFC775414C20}.Debug|Any CPU.ActiveCfg = Debug|Any CPU
		{8FC662B7-0D05-4353-B81E-AFC775414C20}.Debug|Any CPU.Build.0 = Debug|Any CPU
		{8FC662B7-0D05-4353-B81E-AFC775414C20}.Release|Any CPU.ActiveCfg = Release|Any CPU
		{8FC662B7-0D05-4353-B81E-AFC775414C20}.Release|Any CPU.Build.0 = Release|Any CPU
		{D52F421C-F8FA-47A1-8415-B0FDED90A93A}.Debug|Any CPU.ActiveCfg = Debug|Any CPU
		{D52F421C-F8FA-47A1-8415-B0FDED90A93A}.Debug|Any CPU.Build.0 = Debug|Any CPU
		{D52F421C-F8FA-47A1-8415-B0FDED90A93A}.Release|Any CPU.ActiveCfg = Release|Any CPU
		{D52F421C-F8FA-47A1-8415-B0FDED90A93A}.Release|Any CPU.Build.0 = Release|Any CPU
		{D18724F8-29C6-4C42-A63C-1C4F704C3AF0}.Debug|Any CPU.ActiveCfg = Debug|Any CPU
		{D18724F8-29C6-4C42-A63C-1C4F704C3AF0}.Debug|Any CPU.Build.0 = Debug|Any CPU
		{D18724F8-29C6-4C42-A63C-1C4F704C3AF0}.Release|Any CPU.ActiveCfg = Release|Any CPU
		{D18724F8-29C6-4C42-A63C-1C4F704C3AF0}.Release|Any CPU.Build.0 = Release|Any CPU
		{BF646746-77CC-4217-B36A-0E5EB6C111FD}.Debug|Any CPU.ActiveCfg = Debug|Any CPU
		{BF646746-77CC-4217-B36A-0E5EB6C111FD}.Debug|Any CPU.Build.0 = Debug|Any CPU
		{BF646746-77CC-4217-B36A-0E5EB6C111FD}.Release|Any CPU.ActiveCfg = Release|Any CPU
		{BF646746-77CC-4217-B36A-0E5EB6C111FD}.Release|Any CPU.Build.0 = Release|Any CPU
		{F6C644A7-2ACB-4D8A-86D4-AE934D180A4C}.Debug|Any CPU.ActiveCfg = Debug|Any CPU
		{F6C644A7-2ACB-4D8A-86D4-AE934D180A4C}.Debug|Any CPU.Build.0 = Debug|Any CPU
		{F6C644A7-2ACB-4D8A-86D4-AE934D180A4C}.Release|Any CPU.ActiveCfg = Release|Any CPU
		{F6C644A7-2ACB-4D8A-86D4-AE934D180A4C}.Release|Any CPU.Build.0 = Release|Any CPU
		{7C368016-1699-4266-BB05-7A513DB7AB5E}.Debug|Any CPU.ActiveCfg = Debug|Any CPU
		{7C368016-1699-4266-BB05-7A513DB7AB5E}.Debug|Any CPU.Build.0 = Debug|Any CPU
		{7C368016-1699-4266-BB05-7A513DB7AB5E}.Release|Any CPU.ActiveCfg = Release|Any CPU
		{7C368016-1699-4266-BB05-7A513DB7AB5E}.Release|Any CPU.Build.0 = Release|Any CPU
	EndGlobalSection
	GlobalSection(SolutionProperties) = preSolution
		HideSolutionNode = FALSE
	EndGlobalSection
EndGlobal
